
Microsoft Visual Studio Solution File, Format Version 12.00
# Visual Studio Version 16
VisualStudioVersion = 16.0.29609.76
MinimumVisualStudioVersion = 10.0.40219.1
Project("{9A19103F-16F7-4668-BE54-9A1E7A4F7556}") = "ConsoleAppMoyenne", "ConsoleAppMoyenne\ConsoleAppMoyenne.csproj", "{B4FB262F-8BE9-4E66-96CE-82594213A420}"
	ProjectSection(ProjectDependencies) = postProject
		{E2A8A506-9FFF-4ACC-829C-31797A0879FD} = {E2A8A506-9FFF-4ACC-829C-31797A0879FD}
		{D3CFAE13-01DD-45F9-A999-526E53FC9B4A} = {D3CFAE13-01DD-45F9-A999-526E53FC9B4A}
		{6AA71529-086F-4D35-B8F1-9230FB0F474D} = {6AA71529-086F-4D35-B8F1-9230FB0F474D}
		{C7401E2F-8785-4068-A87E-B9419700CCE7} = {C7401E2F-8785-4068-A87E-B9419700CCE7}
		{1AAD7032-C8CE-46A9-94E8-08BD76D68174} = {1AAD7032-C8CE-46A9-94E8-08BD76D68174}
		{DD628D3E-66C9-4DB8-810E-66CF771F949B} = {DD628D3E-66C9-4DB8-810E-66CF771F949B}
		{8774AF42-970D-4A0C-981E-6A0D88B03FC3} = {8774AF42-970D-4A0C-981E-6A0D88B03FC3}
		{648B2D59-415B-4FF9-B75E-FEB4BF89DFBF} = {648B2D59-415B-4FF9-B75E-FEB4BF89DFBF}
		{9F1F725D-41D6-4E8D-AC89-B0B17FC4BDA2} = {9F1F725D-41D6-4E8D-AC89-B0B17FC4BDA2}
		{297D4D63-799E-4185-962F-3CA2C2CC07AF} = {297D4D63-799E-4185-962F-3CA2C2CC07AF}
		{B6AD7069-DBA0-4FF0-B42B-9388338FDC52} = {B6AD7069-DBA0-4FF0-B42B-9388338FDC52}
		{D5FA986D-DB4E-455C-90D2-6C4B956857FD} = {D5FA986D-DB4E-455C-90D2-6C4B956857FD}
		{18CC8379-2311-4D95-B726-14EEE4E7416F} = {18CC8379-2311-4D95-B726-14EEE4E7416F}
		{1400C68A-0441-42FC-9B78-27554C0245FF} = {1400C68A-0441-42FC-9B78-27554C0245FF}
		{10757F94-7ECB-49CD-B7E5-38E4FB5A78FA} = {10757F94-7ECB-49CD-B7E5-38E4FB5A78FA}
		{8DE6539F-B5C1-446D-B39C-4B655B6B5993} = {8DE6539F-B5C1-446D-B39C-4B655B6B5993}
		{2F6852B0-3B2D-46F6-8BAB-CD3C9A2C90CB} = {2F6852B0-3B2D-46F6-8BAB-CD3C9A2C90CB}
		{A9F7D7BA-09C3-4C20-AC45-0E9D0AE08070} = {A9F7D7BA-09C3-4C20-AC45-0E9D0AE08070}
		{584F9BCC-A759-4447-8860-8E67289BDB28} = {584F9BCC-A759-4447-8860-8E67289BDB28}
		{6810C8D5-8528-46D9-91B1-CB6732DE78E2} = {6810C8D5-8528-46D9-91B1-CB6732DE78E2}
		{462D52D7-50AA-4C78-B032-B43D5E4AF0F1} = {462D52D7-50AA-4C78-B032-B43D5E4AF0F1}
		{14F62FD8-9E0D-4068-A58A-A5DBAC0D0E5F} = {14F62FD8-9E0D-4068-A58A-A5DBAC0D0E5F}
		{091337F2-01D6-4830-90AA-E8CD348F02BE} = {091337F2-01D6-4830-90AA-E8CD348F02BE}
		{9BE5DBFB-FA41-40EB-B9C9-C1447BDC408F} = {9BE5DBFB-FA41-40EB-B9C9-C1447BDC408F}
	EndProjectSection
EndProject
Project("{9A19103F-16F7-4668-BE54-9A1E7A4F7556}") = "Sphere", "Sphere\Sphere.csproj", "{9F1F725D-41D6-4E8D-AC89-B0B17FC4BDA2}"
EndProject
Project("{9A19103F-16F7-4668-BE54-9A1E7A4F7556}") = "CercleAngle", "CercleAngle\CercleAngle.csproj", "{B6AD7069-DBA0-4FF0-B42B-9388338FDC52}"
EndProject
Project("{9A19103F-16F7-4668-BE54-9A1E7A4F7556}") = "Interet", "Interet\Interet.csproj", "{8DE6539F-B5C1-446D-B39C-4B655B6B5993}"
EndProject
Project("{9A19103F-16F7-4668-BE54-9A1E7A4F7556}") = "ContenuAdd", "ContenuAdd\ContenuAdd.csproj", "{8774AF42-970D-4A0C-981E-6A0D88B03FC3}"
EndProject
Project("{9A19103F-16F7-4668-BE54-9A1E7A4F7556}") = "Classement", "Classement\Classement.csproj", "{9BE5DBFB-FA41-40EB-B9C9-C1447BDC408F}"
EndProject
Project("{2150E333-8FDC-42A3-9474-1A3956D46DE8}") = "ex page 5", "ex page 5", "{A3BC7FE2-90CC-4FB6-9959-2BDE766772E6}"
EndProject
Project("{9A19103F-16F7-4668-BE54-9A1E7A4F7556}") = "ClassementABC", "ClassementABC\ClassementABC.csproj", "{D3CFAE13-01DD-45F9-A999-526E53FC9B4A}"
EndProject
Project("{2150E333-8FDC-42A3-9474-1A3956D46DE8}") = "ex page 9", "ex page 9", "{BC1D564F-CB4A-438D-B802-D19B22F8158B}"
EndProject
Project("{9A19103F-16F7-4668-BE54-9A1E7A4F7556}") = "ClassementABC_sansFonc", "ClassementABC_sansFonc\ClassementABC_sansFonc.csproj", "{10757F94-7ECB-49CD-B7E5-38E4FB5A78FA}"
EndProject
Project("{9A19103F-16F7-4668-BE54-9A1E7A4F7556}") = "Bissextile", "Bissextile\Bissextile.csproj", "{297D4D63-799E-4185-962F-3CA2C2CC07AF}"
EndProject
Project("{9A19103F-16F7-4668-BE54-9A1E7A4F7556}") = "tribull", "tribull\tribull.csproj", "{D5FA986D-DB4E-455C-90D2-6C4B956857FD}"
EndProject
Project("{9A19103F-16F7-4668-BE54-9A1E7A4F7556}") = "valeurAbsolue", "valeurAbsolue\valeurAbsolue.csproj", "{A9F7D7BA-09C3-4C20-AC45-0E9D0AE08070}"
EndProject
Project("{9A19103F-16F7-4668-BE54-9A1E7A4F7556}") = "equationResolution", "equationResolution\equationResolution.csproj", "{18CC8379-2311-4D95-B726-14EEE4E7416F}"
EndProject
Project("{9A19103F-16F7-4668-BE54-9A1E7A4F7556}") = "resolutionEq_methode", "resolutionEq_methode\resolutionEq_methode.csproj", "{462D52D7-50AA-4C78-B032-B43D5E4AF0F1}"
EndProject
Project("{9A19103F-16F7-4668-BE54-9A1E7A4F7556}") = "Methode_learning", "Methode_learning\Methode_learning.csproj", "{648B2D59-415B-4FF9-B75E-FEB4BF89DFBF}"
EndProject
Project("{9A19103F-16F7-4668-BE54-9A1E7A4F7556}") = "JourSemaine", "JourSemaine\JourSemaine.csproj", "{2F6852B0-3B2D-46F6-8BAB-CD3C9A2C90CB}"
EndProject
Project("{9A19103F-16F7-4668-BE54-9A1E7A4F7556}") = "TestCase", "TestCase\TestCase.csproj", "{C7401E2F-8785-4068-A87E-B9419700CCE7}"
EndProject
Project("{2150E333-8FDC-42A3-9474-1A3956D46DE8}") = "ex page 7", "ex page 7", "{6F80FB9A-8310-4455-A3D2-236668C51F12}"
EndProject
Project("{9A19103F-16F7-4668-BE54-9A1E7A4F7556}") = "lecture", "lecture\lecture.csproj", "{6AA71529-086F-4D35-B8F1-9230FB0F474D}"
EndProject
Project("{9A19103F-16F7-4668-BE54-9A1E7A4F7556}") = "Bicyclette", "Bicyclette\Bicyclette.csproj", "{6810C8D5-8528-46D9-91B1-CB6732DE78E2}"
EndProject
Project("{2150E333-8FDC-42A3-9474-1A3956D46DE8}") = "ex page 11", "ex page 11", "{AA91DB35-7317-4FF0-B537-5823B1EB3DF3}"
EndProject
Project("{9A19103F-16F7-4668-BE54-9A1E7A4F7556}") = "Nombre1er", "Nombre1er\Nombre1er.csproj", "{091337F2-01D6-4830-90AA-E8CD348F02BE}"
EndProject
Project("{9A19103F-16F7-4668-BE54-9A1E7A4F7556}") = "DiviseurNombre", "DiviseurNombre\DiviseurNombre.csproj", "{DD628D3E-66C9-4DB8-810E-66CF771F949B}"
EndProject
Project("{9A19103F-16F7-4668-BE54-9A1E7A4F7556}") = "CalculNombreJeunes", "CalculNombreJeunes\CalculNombreJeunes.csproj", "{14F62FD8-9E0D-4068-A58A-A5DBAC0D0E5F}"
EndProject
Project("{9A19103F-16F7-4668-BE54-9A1E7A4F7556}") = "JeuxFourchette", "JeuxFourchette\JeuxFourchette.csproj", "{1400C68A-0441-42FC-9B78-27554C0245FF}"
EndProject
Project("{9A19103F-16F7-4668-BE54-9A1E7A4F7556}") = "BarnabeCourse", "BarnabeCourse\BarnabeCourse.csproj", "{E2A8A506-9FFF-4ACC-829C-31797A0879FD}"
EndProject
Project("{9A19103F-16F7-4668-BE54-9A1E7A4F7556}") = "JeuxDu0_1_2", "JeuxDu0_1_2\JeuxDu0_1_2.csproj", "{1AAD7032-C8CE-46A9-94E8-08BD76D68174}"
EndProject
Project("{2150E333-8FDC-42A3-9474-1A3956D46DE8}") = "ex page 13", "ex page 13", "{BA50F17B-0440-48D6-ACF5-8EBDD038D8C4}"
EndProject
Project("{9A19103F-16F7-4668-BE54-9A1E7A4F7556}") = "NbTableau", "NbTableau\NbTableau.csproj", "{584F9BCC-A759-4447-8860-8E67289BDB28}"
EndProject
Project("{9A19103F-16F7-4668-BE54-9A1E7A4F7556}") = "LettreChaineCarc", "LettreChaineCarc\LettreChaineCarc.csproj", "{2A883D93-A6D8-417C-A538-BA4CA911EE02}"
EndProject
Project("{9A19103F-16F7-4668-BE54-9A1E7A4F7556}") = "DenombLettreAlphabet", "DenombLettreAlphabet\DenombLettreAlphabet.csproj", "{346226B9-794F-4276-9C2A-5B7FB80B1B0B}"
EndProject
Project("{2150E333-8FDC-42A3-9474-1A3956D46DE8}") = "class", "class", "{D0E1F01C-7538-4F5B-B377-162A0DC92B30}"
EndProject
Project("{F184B08F-C81C-45F6-A57F-5ABD9991F28F}") = "ClassLibraryTelevision", "ClassLibraryTelevision\ClassLibraryTelevision.vbproj", "{D6A0FB59-BF0A-42D1-AC89-1BCE7202A57C}"
EndProject
Global
	GlobalSection(SolutionConfigurationPlatforms) = preSolution
		Debug|Any CPU = Debug|Any CPU
		Release|Any CPU = Release|Any CPU
	EndGlobalSection
	GlobalSection(ProjectConfigurationPlatforms) = postSolution
		{B4FB262F-8BE9-4E66-96CE-82594213A420}.Debug|Any CPU.ActiveCfg = Debug|Any CPU
		{B4FB262F-8BE9-4E66-96CE-82594213A420}.Debug|Any CPU.Build.0 = Debug|Any CPU
		{B4FB262F-8BE9-4E66-96CE-82594213A420}.Release|Any CPU.ActiveCfg = Release|Any CPU
		{B4FB262F-8BE9-4E66-96CE-82594213A420}.Release|Any CPU.Build.0 = Release|Any CPU
		{9F1F725D-41D6-4E8D-AC89-B0B17FC4BDA2}.Debug|Any CPU.ActiveCfg = Debug|Any CPU
		{9F1F725D-41D6-4E8D-AC89-B0B17FC4BDA2}.Debug|Any CPU.Build.0 = Debug|Any CPU
		{9F1F725D-41D6-4E8D-AC89-B0B17FC4BDA2}.Release|Any CPU.ActiveCfg = Release|Any CPU
		{9F1F725D-41D6-4E8D-AC89-B0B17FC4BDA2}.Release|Any CPU.Build.0 = Release|Any CPU
		{B6AD7069-DBA0-4FF0-B42B-9388338FDC52}.Debug|Any CPU.ActiveCfg = Debug|Any CPU
		{B6AD7069-DBA0-4FF0-B42B-9388338FDC52}.Debug|Any CPU.Build.0 = Debug|Any CPU
		{B6AD7069-DBA0-4FF0-B42B-9388338FDC52}.Release|Any CPU.ActiveCfg = Release|Any CPU
		{B6AD7069-DBA0-4FF0-B42B-9388338FDC52}.Release|Any CPU.Build.0 = Release|Any CPU
		{8DE6539F-B5C1-446D-B39C-4B655B6B5993}.Debug|Any CPU.ActiveCfg = Debug|Any CPU
		{8DE6539F-B5C1-446D-B39C-4B655B6B5993}.Debug|Any CPU.Build.0 = Debug|Any CPU
		{8DE6539F-B5C1-446D-B39C-4B655B6B5993}.Release|Any CPU.ActiveCfg = Release|Any CPU
		{8DE6539F-B5C1-446D-B39C-4B655B6B5993}.Release|Any CPU.Build.0 = Release|Any CPU
		{8774AF42-970D-4A0C-981E-6A0D88B03FC3}.Debug|Any CPU.ActiveCfg = Debug|Any CPU
		{8774AF42-970D-4A0C-981E-6A0D88B03FC3}.Debug|Any CPU.Build.0 = Debug|Any CPU
		{8774AF42-970D-4A0C-981E-6A0D88B03FC3}.Release|Any CPU.ActiveCfg = Release|Any CPU
		{8774AF42-970D-4A0C-981E-6A0D88B03FC3}.Release|Any CPU.Build.0 = Release|Any CPU
		{9BE5DBFB-FA41-40EB-B9C9-C1447BDC408F}.Debug|Any CPU.ActiveCfg = Debug|Any CPU
		{9BE5DBFB-FA41-40EB-B9C9-C1447BDC408F}.Debug|Any CPU.Build.0 = Debug|Any CPU
		{9BE5DBFB-FA41-40EB-B9C9-C1447BDC408F}.Release|Any CPU.ActiveCfg = Release|Any CPU
		{9BE5DBFB-FA41-40EB-B9C9-C1447BDC408F}.Release|Any CPU.Build.0 = Release|Any CPU
		{D3CFAE13-01DD-45F9-A999-526E53FC9B4A}.Debug|Any CPU.ActiveCfg = Debug|Any CPU
		{D3CFAE13-01DD-45F9-A999-526E53FC9B4A}.Debug|Any CPU.Build.0 = Debug|Any CPU
		{D3CFAE13-01DD-45F9-A999-526E53FC9B4A}.Release|Any CPU.ActiveCfg = Release|Any CPU
		{D3CFAE13-01DD-45F9-A999-526E53FC9B4A}.Release|Any CPU.Build.0 = Release|Any CPU
		{10757F94-7ECB-49CD-B7E5-38E4FB5A78FA}.Debug|Any CPU.ActiveCfg = Debug|Any CPU
		{10757F94-7ECB-49CD-B7E5-38E4FB5A78FA}.Debug|Any CPU.Build.0 = Debug|Any CPU
		{10757F94-7ECB-49CD-B7E5-38E4FB5A78FA}.Release|Any CPU.ActiveCfg = Release|Any CPU
		{10757F94-7ECB-49CD-B7E5-38E4FB5A78FA}.Release|Any CPU.Build.0 = Release|Any CPU
		{297D4D63-799E-4185-962F-3CA2C2CC07AF}.Debug|Any CPU.ActiveCfg = Debug|Any CPU
		{297D4D63-799E-4185-962F-3CA2C2CC07AF}.Debug|Any CPU.Build.0 = Debug|Any CPU
		{297D4D63-799E-4185-962F-3CA2C2CC07AF}.Release|Any CPU.ActiveCfg = Release|Any CPU
		{297D4D63-799E-4185-962F-3CA2C2CC07AF}.Release|Any CPU.Build.0 = Release|Any CPU
		{D5FA986D-DB4E-455C-90D2-6C4B956857FD}.Debug|Any CPU.ActiveCfg = Debug|Any CPU
		{D5FA986D-DB4E-455C-90D2-6C4B956857FD}.Debug|Any CPU.Build.0 = Debug|Any CPU
		{D5FA986D-DB4E-455C-90D2-6C4B956857FD}.Release|Any CPU.ActiveCfg = Release|Any CPU
		{D5FA986D-DB4E-455C-90D2-6C4B956857FD}.Release|Any CPU.Build.0 = Release|Any CPU
		{A9F7D7BA-09C3-4C20-AC45-0E9D0AE08070}.Debug|Any CPU.ActiveCfg = Debug|Any CPU
		{A9F7D7BA-09C3-4C20-AC45-0E9D0AE08070}.Debug|Any CPU.Build.0 = Debug|Any CPU
		{A9F7D7BA-09C3-4C20-AC45-0E9D0AE08070}.Release|Any CPU.ActiveCfg = Release|Any CPU
		{A9F7D7BA-09C3-4C20-AC45-0E9D0AE08070}.Release|Any CPU.Build.0 = Release|Any CPU
		{18CC8379-2311-4D95-B726-14EEE4E7416F}.Debug|Any CPU.ActiveCfg = Debug|Any CPU
		{18CC8379-2311-4D95-B726-14EEE4E7416F}.Debug|Any CPU.Build.0 = Debug|Any CPU
		{18CC8379-2311-4D95-B726-14EEE4E7416F}.Release|Any CPU.ActiveCfg = Release|Any CPU
		{18CC8379-2311-4D95-B726-14EEE4E7416F}.Release|Any CPU.Build.0 = Release|Any CPU
		{462D52D7-50AA-4C78-B032-B43D5E4AF0F1}.Debug|Any CPU.ActiveCfg = Debug|Any CPU
		{462D52D7-50AA-4C78-B032-B43D5E4AF0F1}.Debug|Any CPU.Build.0 = Debug|Any CPU
		{462D52D7-50AA-4C78-B032-B43D5E4AF0F1}.Release|Any CPU.ActiveCfg = Release|Any CPU
		{462D52D7-50AA-4C78-B032-B43D5E4AF0F1}.Release|Any CPU.Build.0 = Release|Any CPU
		{648B2D59-415B-4FF9-B75E-FEB4BF89DFBF}.Debug|Any CPU.ActiveCfg = Debug|Any CPU
		{648B2D59-415B-4FF9-B75E-FEB4BF89DFBF}.Debug|Any CPU.Build.0 = Debug|Any CPU
		{648B2D59-415B-4FF9-B75E-FEB4BF89DFBF}.Release|Any CPU.ActiveCfg = Release|Any CPU
		{648B2D59-415B-4FF9-B75E-FEB4BF89DFBF}.Release|Any CPU.Build.0 = Release|Any CPU
		{2F6852B0-3B2D-46F6-8BAB-CD3C9A2C90CB}.Debug|Any CPU.ActiveCfg = Debug|Any CPU
		{2F6852B0-3B2D-46F6-8BAB-CD3C9A2C90CB}.Debug|Any CPU.Build.0 = Debug|Any CPU
		{2F6852B0-3B2D-46F6-8BAB-CD3C9A2C90CB}.Release|Any CPU.ActiveCfg = Release|Any CPU
		{2F6852B0-3B2D-46F6-8BAB-CD3C9A2C90CB}.Release|Any CPU.Build.0 = Release|Any CPU
		{C7401E2F-8785-4068-A87E-B9419700CCE7}.Debug|Any CPU.ActiveCfg = Debug|Any CPU
		{C7401E2F-8785-4068-A87E-B9419700CCE7}.Debug|Any CPU.Build.0 = Debug|Any CPU
		{C7401E2F-8785-4068-A87E-B9419700CCE7}.Release|Any CPU.ActiveCfg = Release|Any CPU
		{C7401E2F-8785-4068-A87E-B9419700CCE7}.Release|Any CPU.Build.0 = Release|Any CPU
		{6AA71529-086F-4D35-B8F1-9230FB0F474D}.Debug|Any CPU.ActiveCfg = Debug|Any CPU
		{6AA71529-086F-4D35-B8F1-9230FB0F474D}.Debug|Any CPU.Build.0 = Debug|Any CPU
		{6AA71529-086F-4D35-B8F1-9230FB0F474D}.Release|Any CPU.ActiveCfg = Release|Any CPU
		{6AA71529-086F-4D35-B8F1-9230FB0F474D}.Release|Any CPU.Build.0 = Release|Any CPU
		{6810C8D5-8528-46D9-91B1-CB6732DE78E2}.Debug|Any CPU.ActiveCfg = Debug|Any CPU
		{6810C8D5-8528-46D9-91B1-CB6732DE78E2}.Debug|Any CPU.Build.0 = Debug|Any CPU
		{6810C8D5-8528-46D9-91B1-CB6732DE78E2}.Release|Any CPU.ActiveCfg = Release|Any CPU
		{6810C8D5-8528-46D9-91B1-CB6732DE78E2}.Release|Any CPU.Build.0 = Release|Any CPU
		{091337F2-01D6-4830-90AA-E8CD348F02BE}.Debug|Any CPU.ActiveCfg = Debug|Any CPU
		{091337F2-01D6-4830-90AA-E8CD348F02BE}.Debug|Any CPU.Build.0 = Debug|Any CPU
		{091337F2-01D6-4830-90AA-E8CD348F02BE}.Release|Any CPU.ActiveCfg = Release|Any CPU
		{091337F2-01D6-4830-90AA-E8CD348F02BE}.Release|Any CPU.Build.0 = Release|Any CPU
		{DD628D3E-66C9-4DB8-810E-66CF771F949B}.Debug|Any CPU.ActiveCfg = Debug|Any CPU
		{DD628D3E-66C9-4DB8-810E-66CF771F949B}.Debug|Any CPU.Build.0 = Debug|Any CPU
		{DD628D3E-66C9-4DB8-810E-66CF771F949B}.Release|Any CPU.ActiveCfg = Release|Any CPU
		{DD628D3E-66C9-4DB8-810E-66CF771F949B}.Release|Any CPU.Build.0 = Release|Any CPU
		{14F62FD8-9E0D-4068-A58A-A5DBAC0D0E5F}.Debug|Any CPU.ActiveCfg = Debug|Any CPU
		{14F62FD8-9E0D-4068-A58A-A5DBAC0D0E5F}.Debug|Any CPU.Build.0 = Debug|Any CPU
		{14F62FD8-9E0D-4068-A58A-A5DBAC0D0E5F}.Release|Any CPU.ActiveCfg = Release|Any CPU
		{14F62FD8-9E0D-4068-A58A-A5DBAC0D0E5F}.Release|Any CPU.Build.0 = Release|Any CPU
		{1400C68A-0441-42FC-9B78-27554C0245FF}.Debug|Any CPU.ActiveCfg = Debug|Any CPU
		{1400C68A-0441-42FC-9B78-27554C0245FF}.Debug|Any CPU.Build.0 = Debug|Any CPU
		{1400C68A-0441-42FC-9B78-27554C0245FF}.Release|Any CPU.ActiveCfg = Release|Any CPU
		{1400C68A-0441-42FC-9B78-27554C0245FF}.Release|Any CPU.Build.0 = Release|Any CPU
		{E2A8A506-9FFF-4ACC-829C-31797A0879FD}.Debug|Any CPU.ActiveCfg = Debug|Any CPU
		{E2A8A506-9FFF-4ACC-829C-31797A0879FD}.Debug|Any CPU.Build.0 = Debug|Any CPU
		{E2A8A506-9FFF-4ACC-829C-31797A0879FD}.Release|Any CPU.ActiveCfg = Release|Any CPU
		{E2A8A506-9FFF-4ACC-829C-31797A0879FD}.Release|Any CPU.Build.0 = Release|Any CPU
		{1AAD7032-C8CE-46A9-94E8-08BD76D68174}.Debug|Any CPU.ActiveCfg = Debug|Any CPU
		{1AAD7032-C8CE-46A9-94E8-08BD76D68174}.Debug|Any CPU.Build.0 = Debug|Any CPU
		{1AAD7032-C8CE-46A9-94E8-08BD76D68174}.Release|Any CPU.ActiveCfg = Release|Any CPU
		{1AAD7032-C8CE-46A9-94E8-08BD76D68174}.Release|Any CPU.Build.0 = Release|Any CPU
		{584F9BCC-A759-4447-8860-8E67289BDB28}.Debug|Any CPU.ActiveCfg = Debug|Any CPU
		{584F9BCC-A759-4447-8860-8E67289BDB28}.Debug|Any CPU.Build.0 = Debug|Any CPU
		{584F9BCC-A759-4447-8860-8E67289BDB28}.Release|Any CPU.ActiveCfg = Release|Any CPU
		{584F9BCC-A759-4447-8860-8E67289BDB28}.Release|Any CPU.Build.0 = Release|Any CPU
		{2A883D93-A6D8-417C-A538-BA4CA911EE02}.Debug|Any CPU.ActiveCfg = Debug|Any CPU
		{2A883D93-A6D8-417C-A538-BA4CA911EE02}.Debug|Any CPU.Build.0 = Debug|Any CPU
		{2A883D93-A6D8-417C-A538-BA4CA911EE02}.Release|Any CPU.ActiveCfg = Release|Any CPU
		{2A883D93-A6D8-417C-A538-BA4CA911EE02}.Release|Any CPU.Build.0 = Release|Any CPU
		{346226B9-794F-4276-9C2A-5B7FB80B1B0B}.Debug|Any CPU.ActiveCfg = Debug|Any CPU
		{346226B9-794F-4276-9C2A-5B7FB80B1B0B}.Debug|Any CPU.Build.0 = Debug|Any CPU
		{346226B9-794F-4276-9C2A-5B7FB80B1B0B}.Release|Any CPU.ActiveCfg = Release|Any CPU
		{346226B9-794F-4276-9C2A-5B7FB80B1B0B}.Release|Any CPU.Build.0 = Release|Any CPU
		{D6A0FB59-BF0A-42D1-AC89-1BCE7202A57C}.Debug|Any CPU.ActiveCfg = Debug|Any CPU
		{D6A0FB59-BF0A-42D1-AC89-1BCE7202A57C}.Debug|Any CPU.Build.0 = Debug|Any CPU
		{D6A0FB59-BF0A-42D1-AC89-1BCE7202A57C}.Release|Any CPU.ActiveCfg = Release|Any CPU
		{D6A0FB59-BF0A-42D1-AC89-1BCE7202A57C}.Release|Any CPU.Build.0 = Release|Any CPU
	EndGlobalSection
	GlobalSection(SolutionProperties) = preSolution
		HideSolutionNode = FALSE
	EndGlobalSection
	GlobalSection(NestedProjects) = preSolution
		{B4FB262F-8BE9-4E66-96CE-82594213A420} = {A3BC7FE2-90CC-4FB6-9959-2BDE766772E6}
		{9F1F725D-41D6-4E8D-AC89-B0B17FC4BDA2} = {A3BC7FE2-90CC-4FB6-9959-2BDE766772E6}
		{B6AD7069-DBA0-4FF0-B42B-9388338FDC52} = {A3BC7FE2-90CC-4FB6-9959-2BDE766772E6}
		{8DE6539F-B5C1-446D-B39C-4B655B6B5993} = {A3BC7FE2-90CC-4FB6-9959-2BDE766772E6}
		{8774AF42-970D-4A0C-981E-6A0D88B03FC3} = {A3BC7FE2-90CC-4FB6-9959-2BDE766772E6}
		{9BE5DBFB-FA41-40EB-B9C9-C1447BDC408F} = {BC1D564F-CB4A-438D-B802-D19B22F8158B}
		{D3CFAE13-01DD-45F9-A999-526E53FC9B4A} = {BC1D564F-CB4A-438D-B802-D19B22F8158B}
		{10757F94-7ECB-49CD-B7E5-38E4FB5A78FA} = {BC1D564F-CB4A-438D-B802-D19B22F8158B}
		{297D4D63-799E-4185-962F-3CA2C2CC07AF} = {BC1D564F-CB4A-438D-B802-D19B22F8158B}
		{D5FA986D-DB4E-455C-90D2-6C4B956857FD} = {BC1D564F-CB4A-438D-B802-D19B22F8158B}
		{A9F7D7BA-09C3-4C20-AC45-0E9D0AE08070} = {BC1D564F-CB4A-438D-B802-D19B22F8158B}
		{18CC8379-2311-4D95-B726-14EEE4E7416F} = {BC1D564F-CB4A-438D-B802-D19B22F8158B}
		{462D52D7-50AA-4C78-B032-B43D5E4AF0F1} = {BC1D564F-CB4A-438D-B802-D19B22F8158B}
		{2F6852B0-3B2D-46F6-8BAB-CD3C9A2C90CB} = {BC1D564F-CB4A-438D-B802-D19B22F8158B}
		{6AA71529-086F-4D35-B8F1-9230FB0F474D} = {6F80FB9A-8310-4455-A3D2-236668C51F12}
		{6810C8D5-8528-46D9-91B1-CB6732DE78E2} = {6F80FB9A-8310-4455-A3D2-236668C51F12}
		{091337F2-01D6-4830-90AA-E8CD348F02BE} = {AA91DB35-7317-4FF0-B537-5823B1EB3DF3}
		{DD628D3E-66C9-4DB8-810E-66CF771F949B} = {AA91DB35-7317-4FF0-B537-5823B1EB3DF3}
		{14F62FD8-9E0D-4068-A58A-A5DBAC0D0E5F} = {AA91DB35-7317-4FF0-B537-5823B1EB3DF3}
		{1400C68A-0441-42FC-9B78-27554C0245FF} = {AA91DB35-7317-4FF0-B537-5823B1EB3DF3}
		{E2A8A506-9FFF-4ACC-829C-31797A0879FD} = {AA91DB35-7317-4FF0-B537-5823B1EB3DF3}
		{1AAD7032-C8CE-46A9-94E8-08BD76D68174} = {AA91DB35-7317-4FF0-B537-5823B1EB3DF3}
		{584F9BCC-A759-4447-8860-8E67289BDB28} = {BA50F17B-0440-48D6-ACF5-8EBDD038D8C4}
		{2A883D93-A6D8-417C-A538-BA4CA911EE02} = {BA50F17B-0440-48D6-ACF5-8EBDD038D8C4}
		{D6A0FB59-BF0A-42D1-AC89-1BCE7202A57C} = {D0E1F01C-7538-4F5B-B377-162A0DC92B30}
	EndGlobalSection
	GlobalSection(ExtensibilityGlobals) = postSolution
		SolutionGuid = {611A1423-F0E7-4C8C-B40B-19C6A720A645}
	EndGlobalSection
EndGlobal
